
Microsoft Visual Studio Solution File, Format Version 12.00
# Visual Studio 15
VisualStudioVersion = 15.0.28307.329
MinimumVisualStudioVersion = 10.0.40219.1
Project("{FAE04EC0-301F-11D3-BF4B-00C04F79EFBC}") = "CSharp_ATM_console", "CSharp_ATM_console\CSharp_ATM_console.csproj", "{B477DCE7-A621-40C7-AC89-8FEEF9A24C00}"
EndProject
Global
	GlobalSection(SolutionConfigurationPlatforms) = preSolution
		Debug|Any CPU = Debug|Any CPU
		Release|Any CPU = Release|Any CPU
	EndGlobalSection
	GlobalSection(ProjectConfigurationPlatforms) = postSolution
		{B477DCE7-A621-40C7-AC89-8FEEF9A24C00}.Debug|Any CPU.ActiveCfg = Debug|Any CPU
		{B477DCE7-A621-40C7-AC89-8FEEF9A24C00}.Debug|Any CPU.Build.0 = Debug|Any CPU
		{B477DCE7-A621-40C7-AC89-8FEEF9A24C00}.Release|Any CPU.ActiveCfg = Release|Any CPU
		{B477DCE7-A621-40C7-AC89-8FEEF9A24C00}.Release|Any CPU.Build.0 = Release|Any CPU
	EndGlobalSection
	GlobalSection(SolutionProperties) = preSolution
		HideSolutionNode = FALSE
	EndGlobalSection
	GlobalSection(ExtensibilityGlobals) = postSolution
		SolutionGuid = {A3C97CE4-29EA-4CC2-8A86-81CECA879599}
	EndGlobalSection
EndGlobal
